<?xml version="1.0" encoding="utf-8"?>
<Project ToolsVersion="4.0" xmlns="http://schemas.microsoft.com/developer/msbuild/2003">
  <ItemGroup>
    <Filter Include="Source Files">
      <UniqueIdentifier>{4FC737F1-C7A5-4376-A066-2A32D752A2FF}</UniqueIdentifier>
      <Extensions>cpp;c;cc;cxx;def;odl;idl;hpj;bat;asm;asmx</Extensions>
    </Filter>
    <Filter Include="Header Files">
      <UniqueIdentifier>{93995380-89BD-4b04-88EB-625FBE52EBFB}</UniqueIdentifier>
      <Extensions>h;hpp;hxx;hm;inl;inc;xsd</Extensions>
    </Filter>
    <Filter Include="Resource Files">
      <UniqueIdentifier>{67DA6AB6-F800-4c08-8B7A-83BB121AAD01}</UniqueIdentifier>
      <Extensions>rc;ico;cur;bmp;dlg;rc2;rct;bin;rgs;gif;jpg;jpeg;jpe;resx;tiff;tif;png;wav;mfcribbon-ms</Extensions>
    </Filter>
    <Filter Include="Source Files\Nonlocal">
      <UniqueIdentifier>{84bb8672-7d7d-4680-84bb-fe600ebcaf79}</UniqueIdentifier>
    </Filter>
    <Filter Include="Source Files\Hebf">
      <UniqueIdentifier>{6f958d5e-f4a4-4da4-a295-b7a0a4c2b101}</UniqueIdentifier>
    </Filter>
  </ItemGroup>
  <ItemGroup>
    <ClCompile Include="main.cpp">
      <Filter>Source Files</Filter>
    </ClCompile>
    <ClCompile Include="BoxFilterDepthRefine.cpp">
      <Filter>Source Files</Filter>
    </ClCompile>
    <ClCompile Include="FastDepthInterp.cpp">
      <Filter>Source Files</Filter>
    </ClCompile>
    <ClCompile Include="Nonlocal\ctmf.c">
      <Filter>Source Files\Nonlocal</Filter>
    </ClCompile>
    <ClCompile Include="Nonlocal\CxImageFun.cpp">
      <Filter>Source Files\Nonlocal</Filter>
    </ClCompile>
    <ClCompile Include="Nonlocal\mst_kruskals_image.cpp">
      <Filter>Source Files\Nonlocal</Filter>
    </ClCompile>
    <ClCompile Include="Nonlocal\Nonlocal.cpp">
      <Filter>Source Files\Nonlocal</Filter>
    </ClCompile>
    <ClCompile Include="Nonlocal\Nonlocal_basic.cpp">
      <Filter>Source Files\Nonlocal</Filter>
    </ClCompile>
    <ClCompile Include="Nonlocal\tree_filter.cpp">
      <Filter>Source Files\Nonlocal</Filter>
    </ClCompile>
    <ClCompile Include="SimpleFeatureMatching.cpp">
      <Filter>Source Files</Filter>
    </ClCompile>
    <ClCompile Include="LocalStereoMatching.cpp">
      <Filter>Source Files</Filter>
    </ClCompile>
    <ClCompile Include="Hebf\qx_basic.cpp">
      <Filter>Source Files\Hebf</Filter>
    </ClCompile>
    <ClCompile Include="Hebf\qx_hardware_efficient_bilateral_filter.cpp">
      <Filter>Source Files\Hebf</Filter>
    </ClCompile>
    <ClCompile Include="Hebf\qx_ppm.cpp">
      <Filter>Source Files\Hebf</Filter>
    </ClCompile>
  </ItemGroup>
  <ItemGroup>
    <ClInclude Include="BoxFilterDepthRefine.h">
      <Filter>Header Files</Filter>
    </ClInclude>
    <ClInclude Include="FastDepthInterp.h">
      <Filter>Header Files</Filter>
    </ClInclude>
    <ClInclude Include="Nonlocal\ctmf.h">
      <Filter>Source Files\Nonlocal</Filter>
    </ClInclude>
    <ClInclude Include="Nonlocal\CxImageFun.h">
      <Filter>Source Files\Nonlocal</Filter>
    </ClInclude>
    <ClInclude Include="Nonlocal\mst_kruskals_image.h">
      <Filter>Source Files\Nonlocal</Filter>
    </ClInclude>
    <ClInclude Include="Nonlocal\Nonlocal.h">
      <Filter>Source Files\Nonlocal</Filter>
    </ClInclude>
    <ClInclude Include="Nonlocal\Nonlocal_basic.h">
      <Filter>Source Files\Nonlocal</Filter>
    </ClInclude>
    <ClInclude Include="Nonlocal\tree_filter.h">
      <Filter>Source Files\Nonlocal</Filter>
    </ClInclude>
    <ClInclude Include="SimpleFeatureMatching.h">
      <Filter>Header Files</Filter>
    </ClInclude>
    <ClInclude Include="LocalStereoMatching.h">
      <Filter>Header Files</Filter>
    </ClInclude>
    <ClInclude Include="Hebf\qx_basic.h">
      <Filter>Source Files\Hebf</Filter>
    </ClInclude>
    <ClInclude Include="Hebf\qx_hardware_efficient_bilateral_filter.h">
      <Filter>Source Files\Hebf</Filter>
    </ClInclude>
    <ClInclude Include="Hebf\qx_ppm.h">
      <Filter>Source Files\Hebf</Filter>
    </ClInclude>
  </ItemGroup>
</Project>